// !$*UTF8*$!
{
	archiveVersion = 1;
	classes = {
	};
	objectVersion = 45;
	objects = {

/* Begin PBXBuildFile section */
		1D3623260D0F684500981E51 /* DemoAppDelegate.m in Sources */ = {isa = PBXBuildFile; fileRef = 1D3623250D0F684500981E51 /* DemoAppDelegate.m */; };
		1D60589B0D05DD56006BFB54 /* main.m in Sources */ = {isa = PBXBuildFile; fileRef = 29B97316FDCFA39411CA2CEA /* main.m */; };
		1D60589F0D05DD5A006BFB54 /* Foundation.framework in Frameworks */ = {isa = PBXBuildFile; fileRef = 1D30AB110D05D00D00671497 /* Foundation.framework */; };
		28AD73880D9D96C1002E5188 /* MainWindow.xib in Resources */ = {isa = PBXBuildFile; fileRef = 28AD73870D9D96C1002E5188 /* MainWindow.xib */; };
		B613B34812692EDA00EC9ABA /* UserController.m in Sources */ = {isa = PBXBuildFile; fileRef = B613B34612692EDA00EC9ABA /* UserController.m */; };
		B613B34912692EDA00EC9ABA /* UserController.xib in Resources */ = {isa = PBXBuildFile; fileRef = B613B34712692EDA00EC9ABA /* UserController.xib */; };
		B613B684126BAC4300EC9ABA /* ProgressViewController.m in Sources */ = {isa = PBXBuildFile; fileRef = B613B682126BAC4300EC9ABA /* ProgressViewController.m */; };
		B613B685126BAC4300EC9ABA /* ProgressViewController.xib in Resources */ = {isa = PBXBuildFile; fileRef = B613B683126BAC4300EC9ABA /* ProgressViewController.xib */; };
		B63DBCED139851310068E556 /* AssetsLibrary.framework in Frameworks */ = {isa = PBXBuildFile; fileRef = B63DBCEC139851310068E556 /* AssetsLibrary.framework */; };
		B6544E50125E83A4003AFCAB /* MapViewController.m in Sources */ = {isa = PBXBuildFile; fileRef = B6544E4E125E83A4003AFCAB /* MapViewController.m */; };
		B6544E51125E83A4003AFCAB /* MapViewController.xib in Resources */ = {isa = PBXBuildFile; fileRef = B6544E4F125E83A4003AFCAB /* MapViewController.xib */; };
		B6544E55125E83F7003AFCAB /* MainViewController.m in Sources */ = {isa = PBXBuildFile; fileRef = B6544E53125E83F7003AFCAB /* MainViewController.m */; };
		B6544E56125E83F7003AFCAB /* MainViewController.xib in Resources */ = {isa = PBXBuildFile; fileRef = B6544E54125E83F7003AFCAB /* MainViewController.xib */; };
		B6544E5B125E8651003AFCAB /* ListViewController.m in Sources */ = {isa = PBXBuildFile; fileRef = B6544E59125E8651003AFCAB /* ListViewController.m */; };
		B6544E5C125E8651003AFCAB /* ListViewController.xib in Resources */ = {isa = PBXBuildFile; fileRef = B6544E5A125E8651003AFCAB /* ListViewController.xib */; };
		B6544FEC125F9480003AFCAB /* MapKit.framework in Frameworks */ = {isa = PBXBuildFile; fileRef = B6544FEB125F9480003AFCAB /* MapKit.framework */; };
		B6544FF9125FC8A9003AFCAB /* Annotation.m in Sources */ = {isa = PBXBuildFile; fileRef = B6544FF6125FC8A9003AFCAB /* Annotation.m */; };
		B6544FFA125FC8A9003AFCAB /* AnnotationView.m in Sources */ = {isa = PBXBuildFile; fileRef = B6544FF8125FC8A9003AFCAB /* AnnotationView.m */; };
		B67B691513341319001E4472 /* ASIAuthenticationDialog.m in Sources */ = {isa = PBXBuildFile; fileRef = B67B68C413341319001E4472 /* ASIAuthenticationDialog.m */; };
		B67B691613341319001E4472 /* ASIDataCompressor.m in Sources */ = {isa = PBXBuildFile; fileRef = B67B68C713341319001E4472 /* ASIDataCompressor.m */; };
		B67B691713341319001E4472 /* ASIDataDecompressor.m in Sources */ = {isa = PBXBuildFile; fileRef = B67B68C913341319001E4472 /* ASIDataDecompressor.m */; };
		B67B691813341319001E4472 /* ASIDownloadCache.m in Sources */ = {isa = PBXBuildFile; fileRef = B67B68CB13341319001E4472 /* ASIDownloadCache.m */; };
		B67B691913341319001E4472 /* ASIFormDataRequest.m in Sources */ = {isa = PBXBuildFile; fileRef = B67B68CD13341319001E4472 /* ASIFormDataRequest.m */; };
		B67B691A13341319001E4472 /* ASIHTTPRequest.m in Sources */ = {isa = PBXBuildFile; fileRef = B67B68CF13341319001E4472 /* ASIHTTPRequest.m */; };
		B67B691B13341319001E4472 /* ASIInputStream.m in Sources */ = {isa = PBXBuildFile; fileRef = B67B68D313341319001E4472 /* ASIInputStream.m */; };
		B67B691C13341319001E4472 /* ASINetworkQueue.m in Sources */ = {isa = PBXBuildFile; fileRef = B67B68D513341319001E4472 /* ASINetworkQueue.m */; };
		B67B693213341319001E4472 /* NSObject+SBJSON.m in Sources */ = {isa = PBXBuildFile; fileRef = B67B690A13341319001E4472 /* NSObject+SBJSON.m */; };
		B67B693313341319001E4472 /* NSString+SBJSON.m in Sources */ = {isa = PBXBuildFile; fileRef = B67B690C13341319001E4472 /* NSString+SBJSON.m */; };
		B67B693413341319001E4472 /* SBJSON.m in Sources */ = {isa = PBXBuildFile; fileRef = B67B690E13341319001E4472 /* SBJSON.m */; };
		B67B693513341319001E4472 /* SBJsonBase.m in Sources */ = {isa = PBXBuildFile; fileRef = B67B691013341319001E4472 /* SBJsonBase.m */; };
		B67B693613341319001E4472 /* SBJsonParser.m in Sources */ = {isa = PBXBuildFile; fileRef = B67B691213341319001E4472 /* SBJsonParser.m */; };
		B67B693713341319001E4472 /* SBJsonWriter.m in Sources */ = {isa = PBXBuildFile; fileRef = B67B691413341319001E4472 /* SBJsonWriter.m */; };
		B67B693A13341370001E4472 /* Reachability.m in Sources */ = {isa = PBXBuildFile; fileRef = B67B693913341370001E4472 /* Reachability.m */; };
		B67B6A3413347538001E4472 /* YAJL.framework in Frameworks */ = {isa = PBXBuildFile; fileRef = B67B6A3313347538001E4472 /* YAJL.framework */; };
		B6898BE612C0328F006D4ED8 /* CoreLocation.framework in Frameworks */ = {isa = PBXBuildFile; fileRef = B6898BE512C0328F006D4ED8 /* CoreLocation.framework */; };
		B6898C1012C03445006D4ED8 /* UIKit.framework in Frameworks */ = {isa = PBXBuildFile; fileRef = B6898C0F12C03445006D4ED8 /* UIKit.framework */; };
		B6898C1212C03445006D4ED8 /* libz.dylib in Frameworks */ = {isa = PBXBuildFile; fileRef = B6898C1112C03445006D4ED8 /* libz.dylib */; };
		B6A1A9A31321895D00D31CD3 /* RegisterViewController.m in Sources */ = {isa = PBXBuildFile; fileRef = B6A1A9A11321895D00D31CD3 /* RegisterViewController.m */; };
		B6A1A9A41321895D00D31CD3 /* RegisterViewController.xib in Resources */ = {isa = PBXBuildFile; fileRef = B6A1A9A21321895D00D31CD3 /* RegisterViewController.xib */; };
		B6A1A9A81321898300D31CD3 /* LoginViewController.m in Sources */ = {isa = PBXBuildFile; fileRef = B6A1A9A61321898300D31CD3 /* LoginViewController.m */; };
		B6A1A9A91321898300D31CD3 /* LoginViewController.xib in Resources */ = {isa = PBXBuildFile; fileRef = B6A1A9A71321898300D31CD3 /* LoginViewController.xib */; };
		B6A1AA39132197F200D31CD3 /* icon-nearby.png in Resources */ = {isa = PBXBuildFile; fileRef = B6A1AA35132197F200D31CD3 /* icon-nearby.png */; };
		B6A1AA3A132197F200D31CD3 /* icon-person.png in Resources */ = {isa = PBXBuildFile; fileRef = B6A1AA36132197F200D31CD3 /* icon-person.png */; };
		B6A1AA3B132197F200D31CD3 /* Icon.png in Resources */ = {isa = PBXBuildFile; fileRef = B6A1AA37132197F200D31CD3 /* Icon.png */; };
		B6A1AA3C132197F200D31CD3 /* Icon@2x.png in Resources */ = {isa = PBXBuildFile; fileRef = B6A1AA38132197F200D31CD3 /* Icon@2x.png */; };
		B6A1AA5413219CC700D31CD3 /* CheckinViewController.m in Sources */ = {isa = PBXBuildFile; fileRef = B6A1AA5213219CC700D31CD3 /* CheckinViewController.m */; };
		B6A1AA5513219CC700D31CD3 /* CheckinViewController.xib in Resources */ = {isa = PBXBuildFile; fileRef = B6A1AA5313219CC700D31CD3 /* CheckinViewController.xib */; };
		B6CCC4AB12F77532006E33E7 /* FBConnect.bundle in Resources */ = {isa = PBXBuildFile; fileRef = B6CCC4AA12F77532006E33E7 /* FBConnect.bundle */; };
		B6CCC4BF12F7754B006E33E7 /* FBLoginButton.m in Sources */ = {isa = PBXBuildFile; fileRef = B6CCC4BE12F7754B006E33E7 /* FBLoginButton.m */; };
		B6E3001E126BEFC500B26837 /* PlaceViewController.m in Sources */ = {isa = PBXBuildFile; fileRef = B6E3001C126BEFC500B26837 /* PlaceViewController.m */; };
		B6E3001F126BEFC500B26837 /* PlaceViewController.xib in Resources */ = {isa = PBXBuildFile; fileRef = B6E3001D126BEFC500B26837 /* PlaceViewController.xib */; };
		B6F564CB12C7E45F00C60A9C /* CFNetwork.framework in Frameworks */ = {isa = PBXBuildFile; fileRef = B6F564CA12C7E45F00C60A9C /* CFNetwork.framework */; };
		B6F564CD12C7E45F00C60A9C /* CoreGraphics.framework in Frameworks */ = {isa = PBXBuildFile; fileRef = B6F564CC12C7E45F00C60A9C /* CoreGraphics.framework */; };
		B6F564CF12C7E45F00C60A9C /* MobileCoreServices.framework in Frameworks */ = {isa = PBXBuildFile; fileRef = B6F564CE12C7E45F00C60A9C /* MobileCoreServices.framework */; };
		B6F564D112C7E45F00C60A9C /* SystemConfiguration.framework in Frameworks */ = {isa = PBXBuildFile; fileRef = B6F564D012C7E45F00C60A9C /* SystemConfiguration.framework */; };
		F4148F20183A1E90003B28EB /* ACSClientLibrary.m in Sources */ = {isa = PBXBuildFile; fileRef = F4148EFB183A1E90003B28EB /* ACSClientLibrary.m */; };
		F4148FD4183A1EB4003B28EB /* TapDetectingImageView.m in Sources */ = {isa = PBXBuildFile; fileRef = F4148F9B183A1EB4003B28EB /* TapDetectingImageView.m */; };
		F4801BF51637F14700BE1C6C /* FacebookSDK.framework in Frameworks */ = {isa = PBXBuildFile; fileRef = F4801BF41637F14700BE1C6C /* FacebookSDK.framework */; };
		F4801BFD1637F1D500BE1C6C /* FacebookSDKResources.bundle in Resources */ = {isa = PBXBuildFile; fileRef = F4801BFB1637F1D500BE1C6C /* FacebookSDKResources.bundle */; };
		F4801BFE1637F1D500BE1C6C /* FBUserSettingsViewResources.bundle in Resources */ = {isa = PBXBuildFile; fileRef = F4801BFC1637F1D500BE1C6C /* FBUserSettingsViewResources.bundle */; };
		F4801C021637F26D00BE1C6C /* Accounts.framework in Frameworks */ = {isa = PBXBuildFile; fileRef = F4801BFF1637F26D00BE1C6C /* Accounts.framework */; };
		F4801C031637F26D00BE1C6C /* AdSupport.framework in Frameworks */ = {isa = PBXBuildFile; fileRef = F4801C001637F26D00BE1C6C /* AdSupport.framework */; };
		F4801C041637F26D00BE1C6C /* Social.framework in Frameworks */ = {isa = PBXBuildFile; fileRef = F4801C011637F26D00BE1C6C /* Social.framework */; };
		F4BABF1C183AEE0C00BC5B85 /* Default-568h@2x.png in Resources */ = {isa = PBXBuildFile; fileRef = F4BABF1B183AEE0C00BC5B85 /* Default-568h@2x.png */; };
		F4E3DD73183A1B0000F4DA23 /* ACSClient.m in Sources */ = {isa = PBXBuildFile; fileRef = F4E3DD2A183A1B0000F4DA23 /* ACSClient.m */; };
		F4E3DD74183A1B0000F4DA23 /* CCDownloadManager.m in Sources */ = {isa = PBXBuildFile; fileRef = F4E3DD2D183A1B0000F4DA23 /* CCDownloadManager.m */; };
		F4E3DD75183A1B0000F4DA23 /* CLLocation+JSON.m in Sources */ = {isa = PBXBuildFile; fileRef = F4E3DD30183A1B0000F4DA23 /* CLLocation+JSON.m */; };
		F4E3DD76183A1B0000F4DA23 /* GTMNSString+HTML.m in Sources */ = {isa = PBXBuildFile; fileRef = F4E3DD33183A1B0000F4DA23 /* GTMNSString+HTML.m */; };
		F4E3DD77183A1B0000F4DA23 /* NSDate+JSON.m in Sources */ = {isa = PBXBuildFile; fileRef = F4E3DD35183A1B0000F4DA23 /* NSDate+JSON.m */; };
		F4E3DD78183A1B0000F4DA23 /* NSString+HTML.m in Sources */ = {isa = PBXBuildFile; fileRef = F4E3DD37183A1B0000F4DA23 /* NSString+HTML.m */; };
		F4E3DD79183A1B0000F4DA23 /* WBImage.m in Sources */ = {isa = PBXBuildFile; fileRef = F4E3DD39183A1B0000F4DA23 /* WBImage.m */; };
		F4E3DD7A183A1B0000F4DA23 /* CCAcl.m in Sources */ = {isa = PBXBuildFile; fileRef = F4E3DD3C183A1B0000F4DA23 /* CCAcl.m */; };
		F4E3DD7B183A1B0000F4DA23 /* CCChat.m in Sources */ = {isa = PBXBuildFile; fileRef = F4E3DD3E183A1B0000F4DA23 /* CCChat.m */; };
		F4E3DD7C183A1B0000F4DA23 /* CCCheckin.m in Sources */ = {isa = PBXBuildFile; fileRef = F4E3DD40183A1B0000F4DA23 /* CCCheckin.m */; };
		F4E3DD7D183A1B0000F4DA23 /* CCCollection.m in Sources */ = {isa = PBXBuildFile; fileRef = F4E3DD42183A1B0000F4DA23 /* CCCollection.m */; };
		F4E3DD7E183A1B0000F4DA23 /* CCEvent.m in Sources */ = {isa = PBXBuildFile; fileRef = F4E3DD44183A1B0000F4DA23 /* CCEvent.m */; };
		F4E3DD7F183A1B0000F4DA23 /* CCFeed.m in Sources */ = {isa = PBXBuildFile; fileRef = F4E3DD46183A1B0000F4DA23 /* CCFeed.m */; };
		F4E3DD80183A1B0000F4DA23 /* CCFile.m in Sources */ = {isa = PBXBuildFile; fileRef = F4E3DD48183A1B0000F4DA23 /* CCFile.m */; };
		F4E3DD81183A1B0000F4DA23 /* CCFriendRequest.m in Sources */ = {isa = PBXBuildFile; fileRef = F4E3DD4A183A1B0000F4DA23 /* CCFriendRequest.m */; };
		F4E3DD82183A1B0000F4DA23 /* CCKeyValuePair.m in Sources */ = {isa = PBXBuildFile; fileRef = F4E3DD4C183A1B0000F4DA23 /* CCKeyValuePair.m */; };
		F4E3DD83183A1B0000F4DA23 /* CCMessage.m in Sources */ = {isa = PBXBuildFile; fileRef = F4E3DD4E183A1B0000F4DA23 /* CCMessage.m */; };
		F4E3DD84183A1B0000F4DA23 /* CCObject.m in Sources */ = {isa = PBXBuildFile; fileRef = F4E3DD50183A1B0000F4DA23 /* CCObject.m */; };
		F4E3DD85183A1B0000F4DA23 /* CCObjectWithPhoto.m in Sources */ = {isa = PBXBuildFile; fileRef = F4E3DD52183A1B0000F4DA23 /* CCObjectWithPhoto.m */; };
		F4E3DD86183A1B0000F4DA23 /* CCPage.m in Sources */ = {isa = PBXBuildFile; fileRef = F4E3DD54183A1B0000F4DA23 /* CCPage.m */; };
		F4E3DD87183A1B0000F4DA23 /* CCPhoto.m in Sources */ = {isa = PBXBuildFile; fileRef = F4E3DD56183A1B0000F4DA23 /* CCPhoto.m */; };
		F4E3DD88183A1B0000F4DA23 /* CCPlace.m in Sources */ = {isa = PBXBuildFile; fileRef = F4E3DD58183A1B0000F4DA23 /* CCPlace.m */; };
		F4E3DD89183A1B0000F4DA23 /* CCPost.m in Sources */ = {isa = PBXBuildFile; fileRef = F4E3DD5A183A1B0000F4DA23 /* CCPost.m */; };
		F4E3DD8A183A1B0000F4DA23 /* CCReview.m in Sources */ = {isa = PBXBuildFile; fileRef = F4E3DD5C183A1B0000F4DA23 /* CCReview.m */; };
		F4E3DD8B183A1B0000F4DA23 /* CCShareRequest.m in Sources */ = {isa = PBXBuildFile; fileRef = F4E3DD5E183A1B0000F4DA23 /* CCShareRequest.m */; };
		F4E3DD8C183A1B0000F4DA23 /* CCStatus.m in Sources */ = {isa = PBXBuildFile; fileRef = F4E3DD60183A1B0000F4DA23 /* CCStatus.m */; };
		F4E3DD8D183A1B0000F4DA23 /* CCUser.m in Sources */ = {isa = PBXBuildFile; fileRef = F4E3DD62183A1B0000F4DA23 /* CCUser.m */; };
		F4E3DD8E183A1B0000F4DA23 /* CCWhere.m in Sources */ = {isa = PBXBuildFile; fileRef = F4E3DD64183A1B0000F4DA23 /* CCWhere.m */; };
		F4E3DD8F183A1B0000F4DA23 /* CCConstants.m in Sources */ = {isa = PBXBuildFile; fileRef = F4E3DD67183A1B0000F4DA23 /* CCConstants.m */; };
		F4E3DD90183A1B0000F4DA23 /* CCRequest.m in Sources */ = {isa = PBXBuildFile; fileRef = F4E3DD69183A1B0000F4DA23 /* CCRequest.m */; };
		F4E3DD91183A1B0000F4DA23 /* CCResponse.m in Sources */ = {isa = PBXBuildFile; fileRef = F4E3DD6B183A1B0000F4DA23 /* CCResponse.m */; };
		F4E3DD92183A1B0000F4DA23 /* NSData+Base64.m in Sources */ = {isa = PBXBuildFile; fileRef = F4E3DD6E183A1B0000F4DA23 /* NSData+Base64.m */; };
		F4E3DD93183A1B0000F4DA23 /* OAuth+Additions.m in Sources */ = {isa = PBXBuildFile; fileRef = F4E3DD70183A1B0000F4DA23 /* OAuth+Additions.m */; };
		F4E3DD94183A1B0000F4DA23 /* OAuthCore.m in Sources */ = {isa = PBXBuildFile; fileRef = F4E3DD72183A1B0000F4DA23 /* OAuthCore.m */; };
/* End PBXBuildFile section */

/* Begin PBXFileReference section */
		1D30AB110D05D00D00671497 /* Foundation.framework */ = {isa = PBXFileReference; lastKnownFileType = wrapper.framework; name = Foundation.framework; path = System/Library/Frameworks/Foundation.framework; sourceTree = SDKROOT; };
		1D3623240D0F684500981E51 /* DemoAppDelegate.h */ = {isa = PBXFileReference; fileEncoding = 4; lastKnownFileType = sourcecode.c.h; path = DemoAppDelegate.h; sourceTree = "<group>"; };
		1D3623250D0F684500981E51 /* DemoAppDelegate.m */ = {isa = PBXFileReference; fileEncoding = 4; lastKnownFileType = sourcecode.c.objc; path = DemoAppDelegate.m; sourceTree = "<group>"; };
		1D6058910D05DD3D006BFB54 /* Demo.app */ = {isa = PBXFileReference; explicitFileType = wrapper.application; includeInIndex = 0; path = Demo.app; sourceTree = BUILT_PRODUCTS_DIR; };
		28A0AB4B0D9B1048005BE974 /* Demo_Prefix.pch */ = {isa = PBXFileReference; fileEncoding = 4; lastKnownFileType = sourcecode.c.h; path = Demo_Prefix.pch; sourceTree = "<group>"; };
		28AD73870D9D96C1002E5188 /* MainWindow.xib */ = {isa = PBXFileReference; lastKnownFileType = file.xib; path = MainWindow.xib; sourceTree = "<group>"; };
		29B97316FDCFA39411CA2CEA /* main.m */ = {isa = PBXFileReference; fileEncoding = 4; lastKnownFileType = sourcecode.c.objc; path = main.m; sourceTree = "<group>"; };
		8D1107310486CEB800E47090 /* Demo-Info.plist */ = {isa = PBXFileReference; fileEncoding = 4; lastKnownFileType = text.plist.xml; path = "Demo-Info.plist"; plistStructureDefinitionIdentifier = "com.apple.xcode.plist.structure-definition.iphone.info-plist"; sourceTree = "<group>"; };
		B613B34512692EDA00EC9ABA /* UserController.h */ = {isa = PBXFileReference; fileEncoding = 4; lastKnownFileType = sourcecode.c.h; path = UserController.h; sourceTree = "<group>"; };
		B613B34612692EDA00EC9ABA /* UserController.m */ = {isa = PBXFileReference; fileEncoding = 4; lastKnownFileType = sourcecode.c.objc; path = UserController.m; sourceTree = "<group>"; };
		B613B34712692EDA00EC9ABA /* UserController.xib */ = {isa = PBXFileReference; lastKnownFileType = file.xib; path = UserController.xib; sourceTree = "<group>"; };
		B613B681126BAC4300EC9ABA /* ProgressViewController.h */ = {isa = PBXFileReference; fileEncoding = 4; lastKnownFileType = sourcecode.c.h; path = ProgressViewController.h; sourceTree = "<group>"; };
		B613B682126BAC4300EC9ABA /* ProgressViewController.m */ = {isa = PBXFileReference; fileEncoding = 4; lastKnownFileType = sourcecode.c.objc; path = ProgressViewController.m; sourceTree = "<group>"; };
		B613B683126BAC4300EC9ABA /* ProgressViewController.xib */ = {isa = PBXFileReference; lastKnownFileType = file.xib; path = ProgressViewController.xib; sourceTree = "<group>"; };
		B63DBCEC139851310068E556 /* AssetsLibrary.framework */ = {isa = PBXFileReference; lastKnownFileType = wrapper.framework; name = AssetsLibrary.framework; path = System/Library/Frameworks/AssetsLibrary.framework; sourceTree = SDKROOT; };
		B6544E4D125E83A4003AFCAB /* MapViewController.h */ = {isa = PBXFileReference; fileEncoding = 4; lastKnownFileType = sourcecode.c.h; path = MapViewController.h; sourceTree = "<group>"; };
		B6544E4E125E83A4003AFCAB /* MapViewController.m */ = {isa = PBXFileReference; fileEncoding = 4; lastKnownFileType = sourcecode.c.objc; path = MapViewController.m; sourceTree = "<group>"; };
		B6544E4F125E83A4003AFCAB /* MapViewController.xib */ = {isa = PBXFileReference; lastKnownFileType = file.xib; path = MapViewController.xib; sourceTree = "<group>"; };
		B6544E52125E83F7003AFCAB /* MainViewController.h */ = {isa = PBXFileReference; fileEncoding = 4; lastKnownFileType = sourcecode.c.h; path = MainViewController.h; sourceTree = "<group>"; };
		B6544E53125E83F7003AFCAB /* MainViewController.m */ = {isa = PBXFileReference; fileEncoding = 4; lastKnownFileType = sourcecode.c.objc; path = MainViewController.m; sourceTree = "<group>"; };
		B6544E54125E83F7003AFCAB /* MainViewController.xib */ = {isa = PBXFileReference; lastKnownFileType = file.xib; path = MainViewController.xib; sourceTree = "<group>"; };
		B6544E58125E8651003AFCAB /* ListViewController.h */ = {isa = PBXFileReference; fileEncoding = 4; lastKnownFileType = sourcecode.c.h; path = ListViewController.h; sourceTree = "<group>"; };
		B6544E59125E8651003AFCAB /* ListViewController.m */ = {isa = PBXFileReference; fileEncoding = 4; lastKnownFileType = sourcecode.c.objc; path = ListViewController.m; sourceTree = "<group>"; };
		B6544E5A125E8651003AFCAB /* ListViewController.xib */ = {isa = PBXFileReference; lastKnownFileType = file.xib; path = ListViewController.xib; sourceTree = "<group>"; };
		B6544FEB125F9480003AFCAB /* MapKit.framework */ = {isa = PBXFileReference; lastKnownFileType = wrapper.framework; name = MapKit.framework; path = System/Library/Frameworks/MapKit.framework; sourceTree = SDKROOT; };
		B6544FF5125FC8A9003AFCAB /* Annotation.h */ = {isa = PBXFileReference; fileEncoding = 4; lastKnownFileType = sourcecode.c.h; path = Annotation.h; sourceTree = "<group>"; };
		B6544FF6125FC8A9003AFCAB /* Annotation.m */ = {isa = PBXFileReference; fileEncoding = 4; lastKnownFileType = sourcecode.c.objc; path = Annotation.m; sourceTree = "<group>"; };
		B6544FF7125FC8A9003AFCAB /* AnnotationView.h */ = {isa = PBXFileReference; fileEncoding = 4; lastKnownFileType = sourcecode.c.h; path = AnnotationView.h; sourceTree = "<group>"; };
		B6544FF8125FC8A9003AFCAB /* AnnotationView.m */ = {isa = PBXFileReference; fileEncoding = 4; lastKnownFileType = sourcecode.c.objc; path = AnnotationView.m; sourceTree = "<group>"; };
		B67B68C313341319001E4472 /* ASIAuthenticationDialog.h */ = {isa = PBXFileReference; fileEncoding = 4; lastKnownFileType = sourcecode.c.h; path = ASIAuthenticationDialog.h; sourceTree = "<group>"; };
		B67B68C413341319001E4472 /* ASIAuthenticationDialog.m */ = {isa = PBXFileReference; fileEncoding = 4; lastKnownFileType = sourcecode.c.objc; path = ASIAuthenticationDialog.m; sourceTree = "<group>"; };
		B67B68C513341319001E4472 /* ASICacheDelegate.h */ = {isa = PBXFileReference; fileEncoding = 4; lastKnownFileType = sourcecode.c.h; path = ASICacheDelegate.h; sourceTree = "<group>"; };
		B67B68C613341319001E4472 /* ASIDataCompressor.h */ = {isa = PBXFileReference; fileEncoding = 4; lastKnownFileType = sourcecode.c.h; path = ASIDataCompressor.h; sourceTree = "<group>"; };
		B67B68C713341319001E4472 /* ASIDataCompressor.m */ = {isa = PBXFileReference; fileEncoding = 4; lastKnownFileType = sourcecode.c.objc; path = ASIDataCompressor.m; sourceTree = "<group>"; };
		B67B68C813341319001E4472 /* ASIDataDecompressor.h */ = {isa = PBXFileReference; fileEncoding = 4; lastKnownFileType = sourcecode.c.h; path = ASIDataDecompressor.h; sourceTree = "<group>"; };
		B67B68C913341319001E4472 /* ASIDataDecompressor.m */ = {isa = PBXFileReference; fileEncoding = 4; lastKnownFileType = sourcecode.c.objc; path = ASIDataDecompressor.m; sourceTree = "<group>"; };
		B67B68CA13341319001E4472 /* ASIDownloadCache.h */ = {isa = PBXFileReference; fileEncoding = 4; lastKnownFileType = sourcecode.c.h; path = ASIDownloadCache.h; sourceTree = "<group>"; };
		B67B68CB13341319001E4472 /* ASIDownloadCache.m */ = {isa = PBXFileReference; fileEncoding = 4; lastKnownFileType = sourcecode.c.objc; path = ASIDownloadCache.m; sourceTree = "<group>"; };
		B67B68CC13341319001E4472 /* ASIFormDataRequest.h */ = {isa = PBXFileReference; fileEncoding = 4; lastKnownFileType = sourcecode.c.h; path = ASIFormDataRequest.h; sourceTree = "<group>"; };
		B67B68CD13341319001E4472 /* ASIFormDataRequest.m */ = {isa = PBXFileReference; fileEncoding = 4; lastKnownFileType = sourcecode.c.objc; path = ASIFormDataRequest.m; sourceTree = "<group>"; };
		B67B68CE13341319001E4472 /* ASIHTTPRequest.h */ = {isa = PBXFileReference; fileEncoding = 4; lastKnownFileType = sourcecode.c.h; path = ASIHTTPRequest.h; sourceTree = "<group>"; };
		B67B68CF13341319001E4472 /* ASIHTTPRequest.m */ = {isa = PBXFileReference; fileEncoding = 4; lastKnownFileType = sourcecode.c.objc; path = ASIHTTPRequest.m; sourceTree = "<group>"; };
		B67B68D013341319001E4472 /* ASIHTTPRequestConfig.h */ = {isa = PBXFileReference; fileEncoding = 4; lastKnownFileType = sourcecode.c.h; path = ASIHTTPRequestConfig.h; sourceTree = "<group>"; };
		B67B68D113341319001E4472 /* ASIHTTPRequestDelegate.h */ = {isa = PBXFileReference; fileEncoding = 4; lastKnownFileType = sourcecode.c.h; path = ASIHTTPRequestDelegate.h; sourceTree = "<group>"; };
		B67B68D213341319001E4472 /* ASIInputStream.h */ = {isa = PBXFileReference; fileEncoding = 4; lastKnownFileType = sourcecode.c.h; path = ASIInputStream.h; sourceTree = "<group>"; };
		B67B68D313341319001E4472 /* ASIInputStream.m */ = {isa = PBXFileReference; fileEncoding = 4; lastKnownFileType = sourcecode.c.objc; path = ASIInputStream.m; sourceTree = "<group>"; };
		B67B68D413341319001E4472 /* ASINetworkQueue.h */ = {isa = PBXFileReference; fileEncoding = 4; lastKnownFileType = sourcecode.c.h; path = ASINetworkQueue.h; sourceTree = "<group>"; };
		B67B68D513341319001E4472 /* ASINetworkQueue.m */ = {isa = PBXFileReference; fileEncoding = 4; lastKnownFileType = sourcecode.c.objc; path = ASINetworkQueue.m; sourceTree = "<group>"; };
		B67B68D613341319001E4472 /* ASIProgressDelegate.h */ = {isa = PBXFileReference; fileEncoding = 4; lastKnownFileType = sourcecode.c.h; path = ASIProgressDelegate.h; sourceTree = "<group>"; };
		B67B68FD13341319001E4472 /* Facebook.h */ = {isa = PBXFileReference; fileEncoding = 4; lastKnownFileType = sourcecode.c.h; path = Facebook.h; sourceTree = "<group>"; };
		B67B68FF13341319001E4472 /* FBConnect.h */ = {isa = PBXFileReference; fileEncoding = 4; lastKnownFileType = sourcecode.c.h; path = FBConnect.h; sourceTree = "<group>"; };
		B67B690113341319001E4472 /* FBDialog.h */ = {isa = PBXFileReference; fileEncoding = 4; lastKnownFileType = sourcecode.c.h; path = FBDialog.h; sourceTree = "<group>"; };
		B67B690313341319001E4472 /* FBLoginDialog.h */ = {isa = PBXFileReference; fileEncoding = 4; lastKnownFileType = sourcecode.c.h; path = FBLoginDialog.h; sourceTree = "<group>"; };
		B67B690513341319001E4472 /* FBRequest.h */ = {isa = PBXFileReference; fileEncoding = 4; lastKnownFileType = sourcecode.c.h; path = FBRequest.h; sourceTree = "<group>"; };
		B67B690813341319001E4472 /* JSON.h */ = {isa = PBXFileReference; fileEncoding = 4; lastKnownFileType = sourcecode.c.h; path = JSON.h; sourceTree = "<group>"; };
		B67B690913341319001E4472 /* NSObject+SBJSON.h */ = {isa = PBXFileReference; fileEncoding = 4; lastKnownFileType = sourcecode.c.h; path = "NSObject+SBJSON.h"; sourceTree = "<group>"; };
		B67B690A13341319001E4472 /* NSObject+SBJSON.m */ = {isa = PBXFileReference; fileEncoding = 4; lastKnownFileType = sourcecode.c.objc; path = "NSObject+SBJSON.m"; sourceTree = "<group>"; };
		B67B690B13341319001E4472 /* NSString+SBJSON.h */ = {isa = PBXFileReference; fileEncoding = 4; lastKnownFileType = sourcecode.c.h; path = "NSString+SBJSON.h"; sourceTree = "<group>"; };
		B67B690C13341319001E4472 /* NSString+SBJSON.m */ = {isa = PBXFileReference; fileEncoding = 4; lastKnownFileType = sourcecode.c.objc; path = "NSString+SBJSON.m"; sourceTree = "<group>"; };
		B67B690D13341319001E4472 /* SBJSON.h */ = {isa = PBXFileReference; fileEncoding = 4; lastKnownFileType = sourcecode.c.h; path = SBJSON.h; sourceTree = "<group>"; };
		B67B690E13341319001E4472 /* SBJSON.m */ = {isa = PBXFileReference; fileEncoding = 4; lastKnownFileType = sourcecode.c.objc; path = SBJSON.m; sourceTree = "<group>"; };
		B67B690F13341319001E4472 /* SBJsonBase.h */ = {isa = PBXFileReference; fileEncoding = 4; lastKnownFileType = sourcecode.c.h; path = SBJsonBase.h; sourceTree = "<group>"; };
		B67B691013341319001E4472 /* SBJsonBase.m */ = {isa = PBXFileReference; fileEncoding = 4; lastKnownFileType = sourcecode.c.objc; path = SBJsonBase.m; sourceTree = "<group>"; };
		B67B691113341319001E4472 /* SBJsonParser.h */ = {isa = PBXFileReference; fileEncoding = 4; lastKnownFileType = sourcecode.c.h; path = SBJsonParser.h; sourceTree = "<group>"; };
		B67B691213341319001E4472 /* SBJsonParser.m */ = {isa = PBXFileReference; fileEncoding = 4; lastKnownFileType = sourcecode.c.objc; path = SBJsonParser.m; sourceTree = "<group>"; };
		B67B691313341319001E4472 /* SBJsonWriter.h */ = {isa = PBXFileReference; fileEncoding = 4; lastKnownFileType = sourcecode.c.h; path = SBJsonWriter.h; sourceTree = "<group>"; };
		B67B691413341319001E4472 /* SBJsonWriter.m */ = {isa = PBXFileReference; fileEncoding = 4; lastKnownFileType = sourcecode.c.objc; path = SBJsonWriter.m; sourceTree = "<group>"; };
		B67B693813341370001E4472 /* Reachability.h */ = {isa = PBXFileReference; fileEncoding = 4; lastKnownFileType = sourcecode.c.h; path = Reachability.h; sourceTree = "<group>"; };
		B67B693913341370001E4472 /* Reachability.m */ = {isa = PBXFileReference; fileEncoding = 4; lastKnownFileType = sourcecode.c.objc; path = Reachability.m; sourceTree = "<group>"; };
		B67B6A3313347538001E4472 /* YAJL.framework */ = {isa = PBXFileReference; lastKnownFileType = wrapper.framework; name = YAJL.framework; path = ../../src/YAJL.framework; sourceTree = "<group>"; };
		B6898BE512C0328F006D4ED8 /* CoreLocation.framework */ = {isa = PBXFileReference; lastKnownFileType = wrapper.framework; name = CoreLocation.framework; path = System/Library/Frameworks/CoreLocation.framework; sourceTree = SDKROOT; };
		B6898C0F12C03445006D4ED8 /* UIKit.framework */ = {isa = PBXFileReference; lastKnownFileType = wrapper.framework; name = UIKit.framework; path = System/Library/Frameworks/UIKit.framework; sourceTree = SDKROOT; };
		B6898C1112C03445006D4ED8 /* libz.dylib */ = {isa = PBXFileReference; lastKnownFileType = "compiled.mach-o.dylib"; name = libz.dylib; path = usr/lib/libz.dylib; sourceTree = SDKROOT; };
		B68993E512C31063006D4ED8 /* libCocoafish.a */ = {isa = PBXFileReference; explicitFileType = archive.ar; includeInIndex = 0; path = libCocoafish.a; sourceTree = BUILT_PRODUCTS_DIR; };
		B6A1A9A01321895D00D31CD3 /* RegisterViewController.h */ = {isa = PBXFileReference; fileEncoding = 4; lastKnownFileType = sourcecode.c.h; path = RegisterViewController.h; sourceTree = "<group>"; };
		B6A1A9A11321895D00D31CD3 /* RegisterViewController.m */ = {isa = PBXFileReference; fileEncoding = 4; lastKnownFileType = sourcecode.c.objc; path = RegisterViewController.m; sourceTree = "<group>"; };
		B6A1A9A21321895D00D31CD3 /* RegisterViewController.xib */ = {isa = PBXFileReference; lastKnownFileType = file.xib; path = RegisterViewController.xib; sourceTree = "<group>"; };
		B6A1A9A51321898300D31CD3 /* LoginViewController.h */ = {isa = PBXFileReference; fileEncoding = 4; lastKnownFileType = sourcecode.c.h; path = LoginViewController.h; sourceTree = "<group>"; };
		B6A1A9A61321898300D31CD3 /* LoginViewController.m */ = {isa = PBXFileReference; fileEncoding = 4; lastKnownFileType = sourcecode.c.objc; path = LoginViewController.m; sourceTree = "<group>"; };
		B6A1A9A71321898300D31CD3 /* LoginViewController.xib */ = {isa = PBXFileReference; lastKnownFileType = file.xib; path = LoginViewController.xib; sourceTree = "<group>"; };
		B6A1AA35132197F200D31CD3 /* icon-nearby.png */ = {isa = PBXFileReference; lastKnownFileType = image.png; name = "icon-nearby.png"; path = "images/icon-nearby.png"; sourceTree = "<group>"; };
		B6A1AA36132197F200D31CD3 /* icon-person.png */ = {isa = PBXFileReference; lastKnownFileType = image.png; name = "icon-person.png"; path = "images/icon-person.png"; sourceTree = "<group>"; };
		B6A1AA37132197F200D31CD3 /* Icon.png */ = {isa = PBXFileReference; lastKnownFileType = image.png; name = Icon.png; path = images/Icon.png; sourceTree = "<group>"; };
		B6A1AA38132197F200D31CD3 /* Icon@2x.png */ = {isa = PBXFileReference; lastKnownFileType = image.png; name = "Icon@2x.png"; path = "images/Icon@2x.png"; sourceTree = "<group>"; };
		B6A1AA5113219CC700D31CD3 /* CheckinViewController.h */ = {isa = PBXFileReference; fileEncoding = 4; lastKnownFileType = sourcecode.c.h; path = CheckinViewController.h; sourceTree = "<group>"; };
		B6A1AA5213219CC700D31CD3 /* CheckinViewController.m */ = {isa = PBXFileReference; fileEncoding = 4; lastKnownFileType = sourcecode.c.objc; path = CheckinViewController.m; sourceTree = "<group>"; };
		B6A1AA5313219CC700D31CD3 /* CheckinViewController.xib */ = {isa = PBXFileReference; lastKnownFileType = file.xib; path = CheckinViewController.xib; sourceTree = "<group>"; };
		B6CCC4AA12F77532006E33E7 /* FBConnect.bundle */ = {isa = PBXFileReference; lastKnownFileType = "wrapper.plug-in"; path = FBConnect.bundle; sourceTree = "<group>"; };
		B6CCC4BD12F7754B006E33E7 /* FBLoginButton.h */ = {isa = PBXFileReference; fileEncoding = 4; lastKnownFileType = sourcecode.c.h; path = FBLoginButton.h; sourceTree = "<group>"; };
		B6CCC4BE12F7754B006E33E7 /* FBLoginButton.m */ = {isa = PBXFileReference; fileEncoding = 4; lastKnownFileType = sourcecode.c.objc; path = FBLoginButton.m; sourceTree = "<group>"; };
		B6E3001B126BEFC500B26837 /* PlaceViewController.h */ = {isa = PBXFileReference; fileEncoding = 4; lastKnownFileType = sourcecode.c.h; path = PlaceViewController.h; sourceTree = "<group>"; };
		B6E3001C126BEFC500B26837 /* PlaceViewController.m */ = {isa = PBXFileReference; fileEncoding = 4; lastKnownFileType = sourcecode.c.objc; path = PlaceViewController.m; sourceTree = "<group>"; };
		B6E3001D126BEFC500B26837 /* PlaceViewController.xib */ = {isa = PBXFileReference; lastKnownFileType = file.xib; path = PlaceViewController.xib; sourceTree = "<group>"; };
		B6F564CA12C7E45F00C60A9C /* CFNetwork.framework */ = {isa = PBXFileReference; lastKnownFileType = wrapper.framework; name = CFNetwork.framework; path = System/Library/Frameworks/CFNetwork.framework; sourceTree = SDKROOT; };
		B6F564CC12C7E45F00C60A9C /* CoreGraphics.framework */ = {isa = PBXFileReference; lastKnownFileType = wrapper.framework; name = CoreGraphics.framework; path = System/Library/Frameworks/CoreGraphics.framework; sourceTree = SDKROOT; };
		B6F564CE12C7E45F00C60A9C /* MobileCoreServices.framework */ = {isa = PBXFileReference; lastKnownFileType = wrapper.framework; name = MobileCoreServices.framework; path = System/Library/Frameworks/MobileCoreServices.framework; sourceTree = SDKROOT; };
		B6F564D012C7E45F00C60A9C /* SystemConfiguration.framework */ = {isa = PBXFileReference; lastKnownFileType = wrapper.framework; name = SystemConfiguration.framework; path = System/Library/Frameworks/SystemConfiguration.framework; sourceTree = SDKROOT; };
		F4148EFA183A1E90003B28EB /* ACSClientLibrary.h */ = {isa = PBXFileReference; fileEncoding = 4; lastKnownFileType = sourcecode.c.h; name = ACSClientLibrary.h; path = Classes/ACSClientLibrary.h; sourceTree = "<group>"; };
		F4148EFB183A1E90003B28EB /* ACSClientLibrary.m */ = {isa = PBXFileReference; fileEncoding = 4; lastKnownFileType = sourcecode.c.objc; name = ACSClientLibrary.m; path = Classes/ACSClientLibrary.m; sourceTree = "<group>"; };
		F4148F9A183A1EB4003B28EB /* TapDetectingImageView.h */ = {isa = PBXFileReference; fileEncoding = 4; lastKnownFileType = sourcecode.c.h; path = TapDetectingImageView.h; sourceTree = "<group>"; };
		F4148F9B183A1EB4003B28EB /* TapDetectingImageView.m */ = {isa = PBXFileReference; fileEncoding = 4; lastKnownFileType = sourcecode.c.objc; path = TapDetectingImageView.m; sourceTree = "<group>"; };
		F4801BF41637F14700BE1C6C /* FacebookSDK.framework */ = {isa = PBXFileReference; lastKnownFileType = wrapper.framework; name = FacebookSDK.framework; path = ../../src/FacebookSDK.framework; sourceTree = "<group>"; };
		F4801BF71637F17100BE1C6C /* FacebookSDKResources.bundle */ = {isa = PBXFileReference; lastKnownFileType = "wrapper.plug-in"; name = FacebookSDKResources.bundle; path = ../../src/FacebookSDK.framework/Versions/A/Resources/FacebookSDKResources.bundle; sourceTree = "<group>"; };
		F4801BF81637F17100BE1C6C /* FBUserSettingsViewResources.bundle */ = {isa = PBXFileReference; lastKnownFileType = "wrapper.plug-in"; name = FBUserSettingsViewResources.bundle; path = ../../src/FacebookSDK.framework/Versions/A/Resources/FBUserSettingsViewResources.bundle; sourceTree = "<group>"; };
		F4801BFB1637F1D500BE1C6C /* FacebookSDKResources.bundle */ = {isa = PBXFileReference; lastKnownFileType = "wrapper.plug-in"; name = FacebookSDKResources.bundle; path = ../../src/FacebookSDK.framework/Versions/A/Resources/FacebookSDKResources.bundle; sourceTree = "<group>"; };
		F4801BFC1637F1D500BE1C6C /* FBUserSettingsViewResources.bundle */ = {isa = PBXFileReference; lastKnownFileType = "wrapper.plug-in"; name = FBUserSettingsViewResources.bundle; path = ../../src/FacebookSDK.framework/Versions/A/Resources/FBUserSettingsViewResources.bundle; sourceTree = "<group>"; };
		F4801BFF1637F26D00BE1C6C /* Accounts.framework */ = {isa = PBXFileReference; lastKnownFileType = wrapper.framework; name = Accounts.framework; path = System/Library/Frameworks/Accounts.framework; sourceTree = SDKROOT; };
		F4801C001637F26D00BE1C6C /* AdSupport.framework */ = {isa = PBXFileReference; lastKnownFileType = wrapper.framework; name = AdSupport.framework; path = System/Library/Frameworks/AdSupport.framework; sourceTree = SDKROOT; };
		F4801C011637F26D00BE1C6C /* Social.framework */ = {isa = PBXFileReference; lastKnownFileType = wrapper.framework; name = Social.framework; path = System/Library/Frameworks/Social.framework; sourceTree = SDKROOT; };
		F4BABF1B183AEE0C00BC5B85 /* Default-568h@2x.png */ = {isa = PBXFileReference; lastKnownFileType = image.png; path = "Default-568h@2x.png"; sourceTree = "<group>"; };
		F4E3DD29183A1B0000F4DA23 /* ACSClient.h */ = {isa = PBXFileReference; fileEncoding = 4; lastKnownFileType = sourcecode.c.h; path = ACSClient.h; sourceTree = "<group>"; };
		F4E3DD2A183A1B0000F4DA23 /* ACSClient.m */ = {isa = PBXFileReference; fileEncoding = 4; lastKnownFileType = sourcecode.c.objc; path = ACSClient.m; sourceTree = "<group>"; };
		F4E3DD2C183A1B0000F4DA23 /* CCDownloadManager.h */ = {isa = PBXFileReference; fileEncoding = 4; lastKnownFileType = sourcecode.c.h; path = CCDownloadManager.h; sourceTree = "<group>"; };
		F4E3DD2D183A1B0000F4DA23 /* CCDownloadManager.m */ = {isa = PBXFileReference; fileEncoding = 4; lastKnownFileType = sourcecode.c.objc; path = CCDownloadManager.m; sourceTree = "<group>"; };
		F4E3DD2F183A1B0000F4DA23 /* CLLocation+JSON.h */ = {isa = PBXFileReference; fileEncoding = 4; lastKnownFileType = sourcecode.c.h; path = "CLLocation+JSON.h"; sourceTree = "<group>"; };
		F4E3DD30183A1B0000F4DA23 /* CLLocation+JSON.m */ = {isa = PBXFileReference; fileEncoding = 4; lastKnownFileType = sourcecode.c.objc; path = "CLLocation+JSON.m"; sourceTree = "<group>"; };
		F4E3DD31183A1B0000F4DA23 /* GTMdefines.h */ = {isa = PBXFileReference; fileEncoding = 4; lastKnownFileType = sourcecode.c.h; path = GTMdefines.h; sourceTree = "<group>"; };
		F4E3DD32183A1B0000F4DA23 /* GTMNSString+HTML.h */ = {isa = PBXFileReference; fileEncoding = 4; lastKnownFileType = sourcecode.c.h; path = "GTMNSString+HTML.h"; sourceTree = "<group>"; };
		F4E3DD33183A1B0000F4DA23 /* GTMNSString+HTML.m */ = {isa = PBXFileReference; fileEncoding = 4; lastKnownFileType = sourcecode.c.objc; path = "GTMNSString+HTML.m"; sourceTree = "<group>"; };
		F4E3DD34183A1B0000F4DA23 /* NSDate+JSON.h */ = {isa = PBXFileReference; fileEncoding = 4; lastKnownFileType = sourcecode.c.h; path = "NSDate+JSON.h"; sourceTree = "<group>"; };
		F4E3DD35183A1B0000F4DA23 /* NSDate+JSON.m */ = {isa = PBXFileReference; fileEncoding = 4; lastKnownFileType = sourcecode.c.objc; path = "NSDate+JSON.m"; sourceTree = "<group>"; };
		F4E3DD36183A1B0000F4DA23 /* NSString+HTML.h */ = {isa = PBXFileReference; fileEncoding = 4; lastKnownFileType = sourcecode.c.h; path = "NSString+HTML.h"; sourceTree = "<group>"; };
		F4E3DD37183A1B0000F4DA23 /* NSString+HTML.m */ = {isa = PBXFileReference; fileEncoding = 4; lastKnownFileType = sourcecode.c.objc; path = "NSString+HTML.m"; sourceTree = "<group>"; };
		F4E3DD38183A1B0000F4DA23 /* WBImage.h */ = {isa = PBXFileReference; fileEncoding = 4; lastKnownFileType = sourcecode.c.h; path = WBImage.h; sourceTree = "<group>"; };
		F4E3DD39183A1B0000F4DA23 /* WBImage.m */ = {isa = PBXFileReference; fileEncoding = 4; lastKnownFileType = sourcecode.c.objc; path = WBImage.m; sourceTree = "<group>"; };
		F4E3DD3B183A1B0000F4DA23 /* CCAcl.h */ = {isa = PBXFileReference; fileEncoding = 4; lastKnownFileType = sourcecode.c.h; path = CCAcl.h; sourceTree = "<group>"; };
		F4E3DD3C183A1B0000F4DA23 /* CCAcl.m */ = {isa = PBXFileReference; fileEncoding = 4; lastKnownFileType = sourcecode.c.objc; path = CCAcl.m; sourceTree = "<group>"; };
		F4E3DD3D183A1B0000F4DA23 /* CCChat.h */ = {isa = PBXFileReference; fileEncoding = 4; lastKnownFileType = sourcecode.c.h; path = CCChat.h; sourceTree = "<group>"; };
		F4E3DD3E183A1B0000F4DA23 /* CCChat.m */ = {isa = PBXFileReference; fileEncoding = 4; lastKnownFileType = sourcecode.c.objc; path = CCChat.m; sourceTree = "<group>"; };
		F4E3DD3F183A1B0000F4DA23 /* CCCheckin.h */ = {isa = PBXFileReference; fileEncoding = 4; lastKnownFileType = sourcecode.c.h; path = CCCheckin.h; sourceTree = "<group>"; };
		F4E3DD40183A1B0000F4DA23 /* CCCheckin.m */ = {isa = PBXFileReference; fileEncoding = 4; lastKnownFileType = sourcecode.c.objc; path = CCCheckin.m; sourceTree = "<group>"; };
		F4E3DD41183A1B0000F4DA23 /* CCCollection.h */ = {isa = PBXFileReference; fileEncoding = 4; lastKnownFileType = sourcecode.c.h; path = CCCollection.h; sourceTree = "<group>"; };
		F4E3DD42183A1B0000F4DA23 /* CCCollection.m */ = {isa = PBXFileReference; fileEncoding = 4; lastKnownFileType = sourcecode.c.objc; path = CCCollection.m; sourceTree = "<group>"; };
		F4E3DD43183A1B0000F4DA23 /* CCEvent.h */ = {isa = PBXFileReference; fileEncoding = 4; lastKnownFileType = sourcecode.c.h; path = CCEvent.h; sourceTree = "<group>"; };
		F4E3DD44183A1B0000F4DA23 /* CCEvent.m */ = {isa = PBXFileReference; fileEncoding = 4; lastKnownFileType = sourcecode.c.objc; path = CCEvent.m; sourceTree = "<group>"; };
		F4E3DD45183A1B0000F4DA23 /* CCFeed.h */ = {isa = PBXFileReference; fileEncoding = 4; lastKnownFileType = sourcecode.c.h; path = CCFeed.h; sourceTree = "<group>"; };
		F4E3DD46183A1B0000F4DA23 /* CCFeed.m */ = {isa = PBXFileReference; fileEncoding = 4; lastKnownFileType = sourcecode.c.objc; path = CCFeed.m; sourceTree = "<group>"; };
		F4E3DD47183A1B0000F4DA23 /* CCFile.h */ = {isa = PBXFileReference; fileEncoding = 4; lastKnownFileType = sourcecode.c.h; path = CCFile.h; sourceTree = "<group>"; };
		F4E3DD48183A1B0000F4DA23 /* CCFile.m */ = {isa = PBXFileReference; fileEncoding = 4; lastKnownFileType = sourcecode.c.objc; path = CCFile.m; sourceTree = "<group>"; };
		F4E3DD49183A1B0000F4DA23 /* CCFriendRequest.h */ = {isa = PBXFileReference; fileEncoding = 4; lastKnownFileType = sourcecode.c.h; path = CCFriendRequest.h; sourceTree = "<group>"; };
		F4E3DD4A183A1B0000F4DA23 /* CCFriendRequest.m */ = {isa = PBXFileReference; fileEncoding = 4; lastKnownFileType = sourcecode.c.objc; path = CCFriendRequest.m; sourceTree = "<group>"; };
		F4E3DD4B183A1B0000F4DA23 /* CCKeyValuePair.h */ = {isa = PBXFileReference; fileEncoding = 4; lastKnownFileType = sourcecode.c.h; path = CCKeyValuePair.h; sourceTree = "<group>"; };
		F4E3DD4C183A1B0000F4DA23 /* CCKeyValuePair.m */ = {isa = PBXFileReference; fileEncoding = 4; lastKnownFileType = sourcecode.c.objc; path = CCKeyValuePair.m; sourceTree = "<group>"; };
		F4E3DD4D183A1B0000F4DA23 /* CCMessage.h */ = {isa = PBXFileReference; fileEncoding = 4; lastKnownFileType = sourcecode.c.h; path = CCMessage.h; sourceTree = "<group>"; };
		F4E3DD4E183A1B0000F4DA23 /* CCMessage.m */ = {isa = PBXFileReference; fileEncoding = 4; lastKnownFileType = sourcecode.c.objc; path = CCMessage.m; sourceTree = "<group>"; };
		F4E3DD4F183A1B0000F4DA23 /* CCObject.h */ = {isa = PBXFileReference; fileEncoding = 4; lastKnownFileType = sourcecode.c.h; path = CCObject.h; sourceTree = "<group>"; };
		F4E3DD50183A1B0000F4DA23 /* CCObject.m */ = {isa = PBXFileReference; fileEncoding = 4; lastKnownFileType = sourcecode.c.objc; path = CCObject.m; sourceTree = "<group>"; };
		F4E3DD51183A1B0000F4DA23 /* CCObjectWithPhoto.h */ = {isa = PBXFileReference; fileEncoding = 4; lastKnownFileType = sourcecode.c.h; path = CCObjectWithPhoto.h; sourceTree = "<group>"; };
		F4E3DD52183A1B0000F4DA23 /* CCObjectWithPhoto.m */ = {isa = PBXFileReference; fileEncoding = 4; lastKnownFileType = sourcecode.c.objc; path = CCObjectWithPhoto.m; sourceTree = "<group>"; };
		F4E3DD53183A1B0000F4DA23 /* CCPage.h */ = {isa = PBXFileReference; fileEncoding = 4; lastKnownFileType = sourcecode.c.h; path = CCPage.h; sourceTree = "<group>"; };
		F4E3DD54183A1B0000F4DA23 /* CCPage.m */ = {isa = PBXFileReference; fileEncoding = 4; lastKnownFileType = sourcecode.c.objc; path = CCPage.m; sourceTree = "<group>"; };
		F4E3DD55183A1B0000F4DA23 /* CCPhoto.h */ = {isa = PBXFileReference; fileEncoding = 4; lastKnownFileType = sourcecode.c.h; path = CCPhoto.h; sourceTree = "<group>"; };
		F4E3DD56183A1B0000F4DA23 /* CCPhoto.m */ = {isa = PBXFileReference; fileEncoding = 4; lastKnownFileType = sourcecode.c.objc; path = CCPhoto.m; sourceTree = "<group>"; };
		F4E3DD57183A1B0000F4DA23 /* CCPlace.h */ = {isa = PBXFileReference; fileEncoding = 4; lastKnownFileType = sourcecode.c.h; path = CCPlace.h; sourceTree = "<group>"; };
		F4E3DD58183A1B0000F4DA23 /* CCPlace.m */ = {isa = PBXFileReference; fileEncoding = 4; lastKnownFileType = sourcecode.c.objc; path = CCPlace.m; sourceTree = "<group>"; };
		F4E3DD59183A1B0000F4DA23 /* CCPost.h */ = {isa = PBXFileReference; fileEncoding = 4; lastKnownFileType = sourcecode.c.h; path = CCPost.h; sourceTree = "<group>"; };
		F4E3DD5A183A1B0000F4DA23 /* CCPost.m */ = {isa = PBXFileReference; fileEncoding = 4; lastKnownFileType = sourcecode.c.objc; path = CCPost.m; sourceTree = "<group>"; };
		F4E3DD5B183A1B0000F4DA23 /* CCReview.h */ = {isa = PBXFileReference; fileEncoding = 4; lastKnownFileType = sourcecode.c.h; path = CCReview.h; sourceTree = "<group>"; };
		F4E3DD5C183A1B0000F4DA23 /* CCReview.m */ = {isa = PBXFileReference; fileEncoding = 4; lastKnownFileType = sourcecode.c.objc; path = CCReview.m; sourceTree = "<group>"; };
		F4E3DD5D183A1B0000F4DA23 /* CCShareRequest.h */ = {isa = PBXFileReference; fileEncoding = 4; lastKnownFileType = sourcecode.c.h; path = CCShareRequest.h; sourceTree = "<group>"; };
		F4E3DD5E183A1B0000F4DA23 /* CCShareRequest.m */ = {isa = PBXFileReference; fileEncoding = 4; lastKnownFileType = sourcecode.c.objc; path = CCShareRequest.m; sourceTree = "<group>"; };
		F4E3DD5F183A1B0000F4DA23 /* CCStatus.h */ = {isa = PBXFileReference; fileEncoding = 4; lastKnownFileType = sourcecode.c.h; path = CCStatus.h; sourceTree = "<group>"; };
		F4E3DD60183A1B0000F4DA23 /* CCStatus.m */ = {isa = PBXFileReference; fileEncoding = 4; lastKnownFileType = sourcecode.c.objc; path = CCStatus.m; sourceTree = "<group>"; };
		F4E3DD61183A1B0000F4DA23 /* CCUser.h */ = {isa = PBXFileReference; fileEncoding = 4; lastKnownFileType = sourcecode.c.h; path = CCUser.h; sourceTree = "<group>"; };
		F4E3DD62183A1B0000F4DA23 /* CCUser.m */ = {isa = PBXFileReference; fileEncoding = 4; lastKnownFileType = sourcecode.c.objc; path = CCUser.m; sourceTree = "<group>"; };
		F4E3DD63183A1B0000F4DA23 /* CCWhere.h */ = {isa = PBXFileReference; fileEncoding = 4; lastKnownFileType = sourcecode.c.h; path = CCWhere.h; sourceTree = "<group>"; };
		F4E3DD64183A1B0000F4DA23 /* CCWhere.m */ = {isa = PBXFileReference; fileEncoding = 4; lastKnownFileType = sourcecode.c.objc; path = CCWhere.m; sourceTree = "<group>"; };
		F4E3DD66183A1B0000F4DA23 /* CCConstants.h */ = {isa = PBXFileReference; fileEncoding = 4; lastKnownFileType = sourcecode.c.h; path = CCConstants.h; sourceTree = "<group>"; };
		F4E3DD67183A1B0000F4DA23 /* CCConstants.m */ = {isa = PBXFileReference; fileEncoding = 4; lastKnownFileType = sourcecode.c.objc; path = CCConstants.m; sourceTree = "<group>"; };
		F4E3DD68183A1B0000F4DA23 /* CCRequest.h */ = {isa = PBXFileReference; fileEncoding = 4; lastKnownFileType = sourcecode.c.h; path = CCRequest.h; sourceTree = "<group>"; };
		F4E3DD69183A1B0000F4DA23 /* CCRequest.m */ = {isa = PBXFileReference; fileEncoding = 4; lastKnownFileType = sourcecode.c.objc; path = CCRequest.m; sourceTree = "<group>"; };
		F4E3DD6A183A1B0000F4DA23 /* CCResponse.h */ = {isa = PBXFileReference; fileEncoding = 4; lastKnownFileType = sourcecode.c.h; path = CCResponse.h; sourceTree = "<group>"; };
		F4E3DD6B183A1B0000F4DA23 /* CCResponse.m */ = {isa = PBXFileReference; fileEncoding = 4; lastKnownFileType = sourcecode.c.objc; path = CCResponse.m; sourceTree = "<group>"; };
		F4E3DD6D183A1B0000F4DA23 /* NSData+Base64.h */ = {isa = PBXFileReference; fileEncoding = 4; lastKnownFileType = sourcecode.c.h; path = "NSData+Base64.h"; sourceTree = "<group>"; };
		F4E3DD6E183A1B0000F4DA23 /* NSData+Base64.m */ = {isa = PBXFileReference; fileEncoding = 4; lastKnownFileType = sourcecode.c.objc; path = "NSData+Base64.m"; sourceTree = "<group>"; };
		F4E3DD6F183A1B0000F4DA23 /* OAuth+Additions.h */ = {isa = PBXFileReference; fileEncoding = 4; lastKnownFileType = sourcecode.c.h; path = "OAuth+Additions.h"; sourceTree = "<group>"; };
		F4E3DD70183A1B0000F4DA23 /* OAuth+Additions.m */ = {isa = PBXFileReference; fileEncoding = 4; lastKnownFileType = sourcecode.c.objc; path = "OAuth+Additions.m"; sourceTree = "<group>"; };
		F4E3DD71183A1B0000F4DA23 /* OAuthCore.h */ = {isa = PBXFileReference; fileEncoding = 4; lastKnownFileType = sourcecode.c.h; path = OAuthCore.h; sourceTree = "<group>"; };
		F4E3DD72183A1B0000F4DA23 /* OAuthCore.m */ = {isa = PBXFileReference; fileEncoding = 4; lastKnownFileType = sourcecode.c.objc; path = OAuthCore.m; sourceTree = "<group>"; };
/* End PBXFileReference section */

/* Begin PBXFrameworksBuildPhase section */
		1D60588F0D05DD3D006BFB54 /* Frameworks */ = {
			isa = PBXFrameworksBuildPhase;
			buildActionMask = 2147483647;
			files = (
				F4801C021637F26D00BE1C6C /* Accounts.framework in Frameworks */,
				F4801C031637F26D00BE1C6C /* AdSupport.framework in Frameworks */,
				F4801C041637F26D00BE1C6C /* Social.framework in Frameworks */,
				F4801BF51637F14700BE1C6C /* FacebookSDK.framework in Frameworks */,
				B63DBCED139851310068E556 /* AssetsLibrary.framework in Frameworks */,
				B67B6A3413347538001E4472 /* YAJL.framework in Frameworks */,
				1D60589F0D05DD5A006BFB54 /* Foundation.framework in Frameworks */,
				B6544FEC125F9480003AFCAB /* MapKit.framework in Frameworks */,
				B6898BE612C0328F006D4ED8 /* CoreLocation.framework in Frameworks */,
				B6898C1012C03445006D4ED8 /* UIKit.framework in Frameworks */,
				B6898C1212C03445006D4ED8 /* libz.dylib in Frameworks */,
				B6F564CB12C7E45F00C60A9C /* CFNetwork.framework in Frameworks */,
				B6F564CD12C7E45F00C60A9C /* CoreGraphics.framework in Frameworks */,
				B6F564CF12C7E45F00C60A9C /* MobileCoreServices.framework in Frameworks */,
				B6F564D112C7E45F00C60A9C /* SystemConfiguration.framework in Frameworks */,
			);
			runOnlyForDeploymentPostprocessing = 0;
		};
/* End PBXFrameworksBuildPhase section */

/* Begin PBXGroup section */
		080E96DDFE201D6D7F000001 /* Classes */ = {
			isa = PBXGroup;
			children = (
				B6A1AA5613219CD400D31CD3 /* Checkin */,
				B6E30517126D14D500B26837 /* Place */,
				B613B33E12692E5C00EC9ABA /* User */,
				B6544E26125E678B003AFCAB /* Explore */,
				1D3623240D0F684500981E51 /* DemoAppDelegate.h */,
				1D3623250D0F684500981E51 /* DemoAppDelegate.m */,
			);
			path = Classes;
			sourceTree = "<group>";
		};
		19C28FACFE9D520D11CA2CBB /* Products */ = {
			isa = PBXGroup;
			children = (
				1D6058910D05DD3D006BFB54 /* Demo.app */,
				B68993E512C31063006D4ED8 /* libCocoafish.a */,
			);
			name = Products;
			sourceTree = "<group>";
		};
		29B97314FDCFA39411CA2CEA /* Demo */ = {
			isa = PBXGroup;
			children = (
				F4BABF1B183AEE0C00BC5B85 /* Default-568h@2x.png */,
				F4148EB9183A1E52003B28EB /* Common */,
				F4E3DD28183A1B0000F4DA23 /* ACSClient */,
				F4801BF71637F17100BE1C6C /* FacebookSDKResources.bundle */,
				F4801BF81637F17100BE1C6C /* FBUserSettingsViewResources.bundle */,
				B67B68C213341319001E4472 /* ASIHTTPRequest */,
				B67B68FC13341319001E4472 /* FBConnect */,
				29B97315FDCFA39411CA2CEA /* Other Sources */,
				29B97317FDCFA39411CA2CEA /* Resources */,
				29B97323FDCFA39411CA2CEA /* Frameworks */,
				19C28FACFE9D520D11CA2CBB /* Products */,
				080E96DDFE201D6D7F000001 /* Classes */,
			);
			name = Demo;
			sourceTree = "<group>";
		};
		29B97315FDCFA39411CA2CEA /* Other Sources */ = {
			isa = PBXGroup;
			children = (
				28A0AB4B0D9B1048005BE974 /* Demo_Prefix.pch */,
				29B97316FDCFA39411CA2CEA /* main.m */,
			);
			name = "Other Sources";
			sourceTree = "<group>";
		};
		29B97317FDCFA39411CA2CEA /* Resources */ = {
			isa = PBXGroup;
			children = (
				F4801BFB1637F1D500BE1C6C /* FacebookSDKResources.bundle */,
				F4801BFC1637F1D500BE1C6C /* FBUserSettingsViewResources.bundle */,
				B65458E21264C7FE003AFCAB /* images */,
				28AD73870D9D96C1002E5188 /* MainWindow.xib */,
				8D1107310486CEB800E47090 /* Demo-Info.plist */,
			);
			name = Resources;
			sourceTree = "<group>";
		};
		29B97323FDCFA39411CA2CEA /* Frameworks */ = {
			isa = PBXGroup;
			children = (
				F4801BFF1637F26D00BE1C6C /* Accounts.framework */,
				F4801C001637F26D00BE1C6C /* AdSupport.framework */,
				F4801C011637F26D00BE1C6C /* Social.framework */,
				F4801BF41637F14700BE1C6C /* FacebookSDK.framework */,
				B63DBCEC139851310068E556 /* AssetsLibrary.framework */,
				B67B6A3313347538001E4472 /* YAJL.framework */,
				1D30AB110D05D00D00671497 /* Foundation.framework */,
				B6544FEB125F9480003AFCAB /* MapKit.framework */,
				B6898BE512C0328F006D4ED8 /* CoreLocation.framework */,
				B6898C0F12C03445006D4ED8 /* UIKit.framework */,
				B6898C1112C03445006D4ED8 /* libz.dylib */,
				B6F564CA12C7E45F00C60A9C /* CFNetwork.framework */,
				B6F564CC12C7E45F00C60A9C /* CoreGraphics.framework */,
				B6F564CE12C7E45F00C60A9C /* MobileCoreServices.framework */,
				B6F564D012C7E45F00C60A9C /* SystemConfiguration.framework */,
			);
			name = Frameworks;
			sourceTree = "<group>";
		};
		B613B33E12692E5C00EC9ABA /* User */ = {
			isa = PBXGroup;
			children = (
				B6A1A9A51321898300D31CD3 /* LoginViewController.h */,
				B6A1A9A61321898300D31CD3 /* LoginViewController.m */,
				B6A1A9A71321898300D31CD3 /* LoginViewController.xib */,
				B6A1A9A01321895D00D31CD3 /* RegisterViewController.h */,
				B6A1A9A11321895D00D31CD3 /* RegisterViewController.m */,
				B6A1A9A21321895D00D31CD3 /* RegisterViewController.xib */,
				B6CCC4BD12F7754B006E33E7 /* FBLoginButton.h */,
				B6CCC4BE12F7754B006E33E7 /* FBLoginButton.m */,
				B6CCC4AA12F77532006E33E7 /* FBConnect.bundle */,
				B613B681126BAC4300EC9ABA /* ProgressViewController.h */,
				B613B682126BAC4300EC9ABA /* ProgressViewController.m */,
				B613B683126BAC4300EC9ABA /* ProgressViewController.xib */,
				B613B34512692EDA00EC9ABA /* UserController.h */,
				B613B34612692EDA00EC9ABA /* UserController.m */,
				B613B34712692EDA00EC9ABA /* UserController.xib */,
			);
			name = User;
			sourceTree = "<group>";
		};
		B6544E26125E678B003AFCAB /* Explore */ = {
			isa = PBXGroup;
			children = (
				B6544FF5125FC8A9003AFCAB /* Annotation.h */,
				B6544FF6125FC8A9003AFCAB /* Annotation.m */,
				B6544FF7125FC8A9003AFCAB /* AnnotationView.h */,
				B6544FF8125FC8A9003AFCAB /* AnnotationView.m */,
				B6544E4D125E83A4003AFCAB /* MapViewController.h */,
				B6544E4E125E83A4003AFCAB /* MapViewController.m */,
				B6544E4F125E83A4003AFCAB /* MapViewController.xib */,
				B6544E52125E83F7003AFCAB /* MainViewController.h */,
				B6544E53125E83F7003AFCAB /* MainViewController.m */,
				B6544E54125E83F7003AFCAB /* MainViewController.xib */,
				B6544E58125E8651003AFCAB /* ListViewController.h */,
				B6544E59125E8651003AFCAB /* ListViewController.m */,
				B6544E5A125E8651003AFCAB /* ListViewController.xib */,
			);
			name = Explore;
			sourceTree = "<group>";
		};
		B65458E21264C7FE003AFCAB /* images */ = {
			isa = PBXGroup;
			children = (
				B6A1AA35132197F200D31CD3 /* icon-nearby.png */,
				B6A1AA36132197F200D31CD3 /* icon-person.png */,
				B6A1AA37132197F200D31CD3 /* Icon.png */,
				B6A1AA38132197F200D31CD3 /* Icon@2x.png */,
			);
			name = images;
			sourceTree = "<group>";
		};
		B67B68C213341319001E4472 /* ASIHTTPRequest */ = {
			isa = PBXGroup;
			children = (
				B67B693813341370001E4472 /* Reachability.h */,
				B67B693913341370001E4472 /* Reachability.m */,
				B67B68C313341319001E4472 /* ASIAuthenticationDialog.h */,
				B67B68C413341319001E4472 /* ASIAuthenticationDialog.m */,
				B67B68C513341319001E4472 /* ASICacheDelegate.h */,
				B67B68C613341319001E4472 /* ASIDataCompressor.h */,
				B67B68C713341319001E4472 /* ASIDataCompressor.m */,
				B67B68C813341319001E4472 /* ASIDataDecompressor.h */,
				B67B68C913341319001E4472 /* ASIDataDecompressor.m */,
				B67B68CA13341319001E4472 /* ASIDownloadCache.h */,
				B67B68CB13341319001E4472 /* ASIDownloadCache.m */,
				B67B68CC13341319001E4472 /* ASIFormDataRequest.h */,
				B67B68CD13341319001E4472 /* ASIFormDataRequest.m */,
				B67B68CE13341319001E4472 /* ASIHTTPRequest.h */,
				B67B68CF13341319001E4472 /* ASIHTTPRequest.m */,
				B67B68D013341319001E4472 /* ASIHTTPRequestConfig.h */,
				B67B68D113341319001E4472 /* ASIHTTPRequestDelegate.h */,
				B67B68D213341319001E4472 /* ASIInputStream.h */,
				B67B68D313341319001E4472 /* ASIInputStream.m */,
				B67B68D413341319001E4472 /* ASINetworkQueue.h */,
				B67B68D513341319001E4472 /* ASINetworkQueue.m */,
				B67B68D613341319001E4472 /* ASIProgressDelegate.h */,
			);
			name = ASIHTTPRequest;
			path = ../../src/ASIHTTPRequest;
			sourceTree = "<group>";
		};
		B67B68FC13341319001E4472 /* FBConnect */ = {
			isa = PBXGroup;
			children = (
				B67B68FD13341319001E4472 /* Facebook.h */,
				B67B68FF13341319001E4472 /* FBConnect.h */,
				B67B690113341319001E4472 /* FBDialog.h */,
				B67B690313341319001E4472 /* FBLoginDialog.h */,
				B67B690513341319001E4472 /* FBRequest.h */,
				B67B690713341319001E4472 /* JSON */,
			);
			name = FBConnect;
			path = ../../src/FBConnect;
			sourceTree = "<group>";
		};
		B67B690713341319001E4472 /* JSON */ = {
			isa = PBXGroup;
			children = (
				B67B690813341319001E4472 /* JSON.h */,
				B67B690913341319001E4472 /* NSObject+SBJSON.h */,
				B67B690A13341319001E4472 /* NSObject+SBJSON.m */,
				B67B690B13341319001E4472 /* NSString+SBJSON.h */,
				B67B690C13341319001E4472 /* NSString+SBJSON.m */,
				B67B690D13341319001E4472 /* SBJSON.h */,
				B67B690E13341319001E4472 /* SBJSON.m */,
				B67B690F13341319001E4472 /* SBJsonBase.h */,
				B67B691013341319001E4472 /* SBJsonBase.m */,
				B67B691113341319001E4472 /* SBJsonParser.h */,
				B67B691213341319001E4472 /* SBJsonParser.m */,
				B67B691313341319001E4472 /* SBJsonWriter.h */,
				B67B691413341319001E4472 /* SBJsonWriter.m */,
			);
			path = JSON;
			sourceTree = "<group>";
		};
		B6A1AA5613219CD400D31CD3 /* Checkin */ = {
			isa = PBXGroup;
			children = (
				B6A1AA5113219CC700D31CD3 /* CheckinViewController.h */,
				B6A1AA5213219CC700D31CD3 /* CheckinViewController.m */,
				B6A1AA5313219CC700D31CD3 /* CheckinViewController.xib */,
			);
			name = Checkin;
			sourceTree = "<group>";
		};
		B6E30517126D14D500B26837 /* Place */ = {
			isa = PBXGroup;
			children = (
				B6E3001B126BEFC500B26837 /* PlaceViewController.h */,
				B6E3001C126BEFC500B26837 /* PlaceViewController.m */,
				B6E3001D126BEFC500B26837 /* PlaceViewController.xib */,
			);
			name = Place;
			sourceTree = "<group>";
		};
		F4148EB9183A1E52003B28EB /* Common */ = {
			isa = PBXGroup;
			children = (
				F4148F9A183A1EB4003B28EB /* TapDetectingImageView.h */,
				F4148F9B183A1EB4003B28EB /* TapDetectingImageView.m */,
				F4148EFA183A1E90003B28EB /* ACSClientLibrary.h */,
				F4148EFB183A1E90003B28EB /* ACSClientLibrary.m */,
			);
			name = Common;
			sourceTree = "<group>";
		};
		F4E3DD28183A1B0000F4DA23 /* ACSClient */ = {
			isa = PBXGroup;
			children = (
				F4E3DD29183A1B0000F4DA23 /* ACSClient.h */,
				F4E3DD2A183A1B0000F4DA23 /* ACSClient.m */,
				F4E3DD2B183A1B0000F4DA23 /* Cache */,
				F4E3DD2E183A1B0000F4DA23 /* Common */,
				F4E3DD3A183A1B0000F4DA23 /* Models */,
				F4E3DD65183A1B0000F4DA23 /* Network */,
				F4E3DD6C183A1B0000F4DA23 /* OauthCore */,
			);
			name = ACSClient;
			path = ../../src/ACSClient;
			sourceTree = "<group>";
		};
		F4E3DD2B183A1B0000F4DA23 /* Cache */ = {
			isa = PBXGroup;
			children = (
				F4E3DD2C183A1B0000F4DA23 /* CCDownloadManager.h */,
				F4E3DD2D183A1B0000F4DA23 /* CCDownloadManager.m */,
			);
			path = Cache;
			sourceTree = "<group>";
		};
		F4E3DD2E183A1B0000F4DA23 /* Common */ = {
			isa = PBXGroup;
			children = (
				F4E3DD2F183A1B0000F4DA23 /* CLLocation+JSON.h */,
				F4E3DD30183A1B0000F4DA23 /* CLLocation+JSON.m */,
				F4E3DD31183A1B0000F4DA23 /* GTMdefines.h */,
				F4E3DD32183A1B0000F4DA23 /* GTMNSString+HTML.h */,
				F4E3DD33183A1B0000F4DA23 /* GTMNSString+HTML.m */,
				F4E3DD34183A1B0000F4DA23 /* NSDate+JSON.h */,
				F4E3DD35183A1B0000F4DA23 /* NSDate+JSON.m */,
				F4E3DD36183A1B0000F4DA23 /* NSString+HTML.h */,
				F4E3DD37183A1B0000F4DA23 /* NSString+HTML.m */,
				F4E3DD38183A1B0000F4DA23 /* WBImage.h */,
				F4E3DD39183A1B0000F4DA23 /* WBImage.m */,
			);
			path = Common;
			sourceTree = "<group>";
		};
		F4E3DD3A183A1B0000F4DA23 /* Models */ = {
			isa = PBXGroup;
			children = (
				F4E3DD3B183A1B0000F4DA23 /* CCAcl.h */,
				F4E3DD3C183A1B0000F4DA23 /* CCAcl.m */,
				F4E3DD3D183A1B0000F4DA23 /* CCChat.h */,
				F4E3DD3E183A1B0000F4DA23 /* CCChat.m */,
				F4E3DD3F183A1B0000F4DA23 /* CCCheckin.h */,
				F4E3DD40183A1B0000F4DA23 /* CCCheckin.m */,
				F4E3DD41183A1B0000F4DA23 /* CCCollection.h */,
				F4E3DD42183A1B0000F4DA23 /* CCCollection.m */,
				F4E3DD43183A1B0000F4DA23 /* CCEvent.h */,
				F4E3DD44183A1B0000F4DA23 /* CCEvent.m */,
				F4E3DD45183A1B0000F4DA23 /* CCFeed.h */,
				F4E3DD46183A1B0000F4DA23 /* CCFeed.m */,
				F4E3DD47183A1B0000F4DA23 /* CCFile.h */,
				F4E3DD48183A1B0000F4DA23 /* CCFile.m */,
				F4E3DD49183A1B0000F4DA23 /* CCFriendRequest.h */,
				F4E3DD4A183A1B0000F4DA23 /* CCFriendRequest.m */,
				F4E3DD4B183A1B0000F4DA23 /* CCKeyValuePair.h */,
				F4E3DD4C183A1B0000F4DA23 /* CCKeyValuePair.m */,
				F4E3DD4D183A1B0000F4DA23 /* CCMessage.h */,
				F4E3DD4E183A1B0000F4DA23 /* CCMessage.m */,
				F4E3DD4F183A1B0000F4DA23 /* CCObject.h */,
				F4E3DD50183A1B0000F4DA23 /* CCObject.m */,
				F4E3DD51183A1B0000F4DA23 /* CCObjectWithPhoto.h */,
				F4E3DD52183A1B0000F4DA23 /* CCObjectWithPhoto.m */,
				F4E3DD53183A1B0000F4DA23 /* CCPage.h */,
				F4E3DD54183A1B0000F4DA23 /* CCPage.m */,
				F4E3DD55183A1B0000F4DA23 /* CCPhoto.h */,
				F4E3DD56183A1B0000F4DA23 /* CCPhoto.m */,
				F4E3DD57183A1B0000F4DA23 /* CCPlace.h */,
				F4E3DD58183A1B0000F4DA23 /* CCPlace.m */,
				F4E3DD59183A1B0000F4DA23 /* CCPost.h */,
				F4E3DD5A183A1B0000F4DA23 /* CCPost.m */,
				F4E3DD5B183A1B0000F4DA23 /* CCReview.h */,
				F4E3DD5C183A1B0000F4DA23 /* CCReview.m */,
				F4E3DD5D183A1B0000F4DA23 /* CCShareRequest.h */,
				F4E3DD5E183A1B0000F4DA23 /* CCShareRequest.m */,
				F4E3DD5F183A1B0000F4DA23 /* CCStatus.h */,
				F4E3DD60183A1B0000F4DA23 /* CCStatus.m */,
				F4E3DD61183A1B0000F4DA23 /* CCUser.h */,
				F4E3DD62183A1B0000F4DA23 /* CCUser.m */,
				F4E3DD63183A1B0000F4DA23 /* CCWhere.h */,
				F4E3DD64183A1B0000F4DA23 /* CCWhere.m */,
			);
			path = Models;
			sourceTree = "<group>";
		};
		F4E3DD65183A1B0000F4DA23 /* Network */ = {
			isa = PBXGroup;
			children = (
				F4E3DD66183A1B0000F4DA23 /* CCConstants.h */,
				F4E3DD67183A1B0000F4DA23 /* CCConstants.m */,
				F4E3DD68183A1B0000F4DA23 /* CCRequest.h */,
				F4E3DD69183A1B0000F4DA23 /* CCRequest.m */,
				F4E3DD6A183A1B0000F4DA23 /* CCResponse.h */,
				F4E3DD6B183A1B0000F4DA23 /* CCResponse.m */,
			);
			path = Network;
			sourceTree = "<group>";
		};
		F4E3DD6C183A1B0000F4DA23 /* OauthCore */ = {
			isa = PBXGroup;
			children = (
				F4E3DD6D183A1B0000F4DA23 /* NSData+Base64.h */,
				F4E3DD6E183A1B0000F4DA23 /* NSData+Base64.m */,
				F4E3DD6F183A1B0000F4DA23 /* OAuth+Additions.h */,
				F4E3DD70183A1B0000F4DA23 /* OAuth+Additions.m */,
				F4E3DD71183A1B0000F4DA23 /* OAuthCore.h */,
				F4E3DD72183A1B0000F4DA23 /* OAuthCore.m */,
			);
			path = OauthCore;
			sourceTree = "<group>";
		};
/* End PBXGroup section */

/* Begin PBXNativeTarget section */
		1D6058900D05DD3D006BFB54 /* Demo */ = {
			isa = PBXNativeTarget;
			buildConfigurationList = 1D6058960D05DD3E006BFB54 /* Build configuration list for PBXNativeTarget "Demo" */;
			buildPhases = (
				1D60588D0D05DD3D006BFB54 /* Resources */,
				1D60588E0D05DD3D006BFB54 /* Sources */,
				1D60588F0D05DD3D006BFB54 /* Frameworks */,
			);
			buildRules = (
			);
			dependencies = (
			);
			name = Demo;
			productName = Demo;
			productReference = 1D6058910D05DD3D006BFB54 /* Demo.app */;
			productType = "com.apple.product-type.application";
		};
/* End PBXNativeTarget section */

/* Begin PBXProject section */
		29B97313FDCFA39411CA2CEA /* Project object */ = {
			isa = PBXProject;
			buildConfigurationList = C01FCF4E08A954540054247B /* Build configuration list for PBXProject "Demo" */;
			compatibilityVersion = "Xcode 3.1";
			developmentRegion = English;
			hasScannedForEncodings = 1;
			knownRegions = (
				English,
				Japanese,
				French,
				German,
			);
			mainGroup = 29B97314FDCFA39411CA2CEA /* Demo */;
			projectDirPath = "";
			projectRoot = "";
			targets = (
				1D6058900D05DD3D006BFB54 /* Demo */,
			);
		};
/* End PBXProject section */

/* Begin PBXResourcesBuildPhase section */
		1D60588D0D05DD3D006BFB54 /* Resources */ = {
			isa = PBXResourcesBuildPhase;
			buildActionMask = 2147483647;
			files = (
				28AD73880D9D96C1002E5188 /* MainWindow.xib in Resources */,
				B6544E51125E83A4003AFCAB /* MapViewController.xib in Resources */,
				B6544E56125E83F7003AFCAB /* MainViewController.xib in Resources */,
				B6544E5C125E8651003AFCAB /* ListViewController.xib in Resources */,
				B613B34912692EDA00EC9ABA /* UserController.xib in Resources */,
				B613B685126BAC4300EC9ABA /* ProgressViewController.xib in Resources */,
				B6E3001F126BEFC500B26837 /* PlaceViewController.xib in Resources */,
				B6CCC4AB12F77532006E33E7 /* FBConnect.bundle in Resources */,
				B6A1A9A41321895D00D31CD3 /* RegisterViewController.xib in Resources */,
				B6A1A9A91321898300D31CD3 /* LoginViewController.xib in Resources */,
				B6A1AA39132197F200D31CD3 /* icon-nearby.png in Resources */,
				B6A1AA3A132197F200D31CD3 /* icon-person.png in Resources */,
				B6A1AA3B132197F200D31CD3 /* Icon.png in Resources */,
				B6A1AA3C132197F200D31CD3 /* Icon@2x.png in Resources */,
				B6A1AA5513219CC700D31CD3 /* CheckinViewController.xib in Resources */,
				F4801BFD1637F1D500BE1C6C /* FacebookSDKResources.bundle in Resources */,
				F4801BFE1637F1D500BE1C6C /* FBUserSettingsViewResources.bundle in Resources */,
				F4BABF1C183AEE0C00BC5B85 /* Default-568h@2x.png in Resources */,
			);
			runOnlyForDeploymentPostprocessing = 0;
		};
/* End PBXResourcesBuildPhase section */

/* Begin PBXSourcesBuildPhase section */
		1D60588E0D05DD3D006BFB54 /* Sources */ = {
			isa = PBXSourcesBuildPhase;
			buildActionMask = 2147483647;
			files = (
				1D60589B0D05DD56006BFB54 /* main.m in Sources */,
				1D3623260D0F684500981E51 /* DemoAppDelegate.m in Sources */,
				B6544E50125E83A4003AFCAB /* MapViewController.m in Sources */,
				B6544E55125E83F7003AFCAB /* MainViewController.m in Sources */,
				B6544E5B125E8651003AFCAB /* ListViewController.m in Sources */,
				B6544FF9125FC8A9003AFCAB /* Annotation.m in Sources */,
				B6544FFA125FC8A9003AFCAB /* AnnotationView.m in Sources */,
				B613B34812692EDA00EC9ABA /* UserController.m in Sources */,
				B613B684126BAC4300EC9ABA /* ProgressViewController.m in Sources */,
				B6E3001E126BEFC500B26837 /* PlaceViewController.m in Sources */,
				B6CCC4BF12F7754B006E33E7 /* FBLoginButton.m in Sources */,
				B6A1A9A31321895D00D31CD3 /* RegisterViewController.m in Sources */,
				B6A1A9A81321898300D31CD3 /* LoginViewController.m in Sources */,
				B6A1AA5413219CC700D31CD3 /* CheckinViewController.m in Sources */,
				B67B691513341319001E4472 /* ASIAuthenticationDialog.m in Sources */,
				B67B691613341319001E4472 /* ASIDataCompressor.m in Sources */,
				B67B691713341319001E4472 /* ASIDataDecompressor.m in Sources */,
				B67B691813341319001E4472 /* ASIDownloadCache.m in Sources */,
				B67B691913341319001E4472 /* ASIFormDataRequest.m in Sources */,
				B67B691A13341319001E4472 /* ASIHTTPRequest.m in Sources */,
				B67B691B13341319001E4472 /* ASIInputStream.m in Sources */,
				B67B691C13341319001E4472 /* ASINetworkQueue.m in Sources */,
				B67B693213341319001E4472 /* NSObject+SBJSON.m in Sources */,
				B67B693313341319001E4472 /* NSString+SBJSON.m in Sources */,
				B67B693413341319001E4472 /* SBJSON.m in Sources */,
				B67B693513341319001E4472 /* SBJsonBase.m in Sources */,
				B67B693613341319001E4472 /* SBJsonParser.m in Sources */,
				B67B693713341319001E4472 /* SBJsonWriter.m in Sources */,
				B67B693A13341370001E4472 /* Reachability.m in Sources */,
				F4E3DD73183A1B0000F4DA23 /* ACSClient.m in Sources */,
				F4E3DD74183A1B0000F4DA23 /* CCDownloadManager.m in Sources */,
				F4E3DD75183A1B0000F4DA23 /* CLLocation+JSON.m in Sources */,
				F4E3DD76183A1B0000F4DA23 /* GTMNSString+HTML.m in Sources */,
				F4E3DD77183A1B0000F4DA23 /* NSDate+JSON.m in Sources */,
				F4E3DD78183A1B0000F4DA23 /* NSString+HTML.m in Sources */,
				F4E3DD79183A1B0000F4DA23 /* WBImage.m in Sources */,
				F4E3DD7A183A1B0000F4DA23 /* CCAcl.m in Sources */,
				F4E3DD7B183A1B0000F4DA23 /* CCChat.m in Sources */,
				F4E3DD7C183A1B0000F4DA23 /* CCCheckin.m in Sources */,
				F4E3DD7D183A1B0000F4DA23 /* CCCollection.m in Sources */,
				F4E3DD7E183A1B0000F4DA23 /* CCEvent.m in Sources */,
				F4E3DD7F183A1B0000F4DA23 /* CCFeed.m in Sources */,
				F4E3DD80183A1B0000F4DA23 /* CCFile.m in Sources */,
				F4E3DD81183A1B0000F4DA23 /* CCFriendRequest.m in Sources */,
				F4E3DD82183A1B0000F4DA23 /* CCKeyValuePair.m in Sources */,
				F4E3DD83183A1B0000F4DA23 /* CCMessage.m in Sources */,
				F4E3DD84183A1B0000F4DA23 /* CCObject.m in Sources */,
				F4E3DD85183A1B0000F4DA23 /* CCObjectWithPhoto.m in Sources */,
				F4E3DD86183A1B0000F4DA23 /* CCPage.m in Sources */,
				F4E3DD87183A1B0000F4DA23 /* CCPhoto.m in Sources */,
				F4E3DD88183A1B0000F4DA23 /* CCPlace.m in Sources */,
				F4E3DD89183A1B0000F4DA23 /* CCPost.m in Sources */,
				F4E3DD8A183A1B0000F4DA23 /* CCReview.m in Sources */,
				F4E3DD8B183A1B0000F4DA23 /* CCShareRequest.m in Sources */,
				F4E3DD8C183A1B0000F4DA23 /* CCStatus.m in Sources */,
				F4E3DD8D183A1B0000F4DA23 /* CCUser.m in Sources */,
				F4E3DD8E183A1B0000F4DA23 /* CCWhere.m in Sources */,
				F4E3DD8F183A1B0000F4DA23 /* CCConstants.m in Sources */,
				F4E3DD90183A1B0000F4DA23 /* CCRequest.m in Sources */,
				F4E3DD91183A1B0000F4DA23 /* CCResponse.m in Sources */,
				F4E3DD92183A1B0000F4DA23 /* NSData+Base64.m in Sources */,
				F4E3DD93183A1B0000F4DA23 /* OAuth+Additions.m in Sources */,
				F4E3DD94183A1B0000F4DA23 /* OAuthCore.m in Sources */,
				F4148F20183A1E90003B28EB /* ACSClientLibrary.m in Sources */,
				F4148FD4183A1EB4003B28EB /* TapDetectingImageView.m in Sources */,
			);
			runOnlyForDeploymentPostprocessing = 0;
		};
/* End PBXSourcesBuildPhase section */

/* Begin XCBuildConfiguration section */
		1D6058940D05DD3E006BFB54 /* Debug */ = {
			isa = XCBuildConfiguration;
			buildSettings = {
				ALWAYS_SEARCH_USER_PATHS = YES;
				ARCHS = "$(ARCHS_STANDARD_32_BIT)";
				CODE_SIGN_IDENTITY = "iPhone Developer: Wei Kong (8R7FCBKFP3)";
				COPY_PHASE_STRIP = NO;
				FRAMEWORK_SEARCH_PATHS = (
					"$(inherited)",
					"\"$(SRCROOT)\"",
					"\"$(SRCROOT)/../../src\"",
				);
				GCC_DYNAMIC_NO_PIC = NO;
				GCC_OPTIMIZATION_LEVEL = 0;
				GCC_PRECOMPILE_PREFIX_HEADER = YES;
				GCC_PREFIX_HEADER = Demo_Prefix.pch;
				HEADER_SEARCH_PATHS = "";
				INFOPLIST_FILE = "Demo-Info.plist";
				OTHER_LDFLAGS = (
					"-ObjC",
					"-all_load",
					"-lsqlite3.0",
				);
				PRODUCT_NAME = Demo;
				PROVISIONING_PROFILE = "B3AD396C-C17C-448C-848D-FF93A0C645CA";
				VALID_ARCHS = "armv7 armv7s";
			};
			name = Debug;
		};
		1D6058950D05DD3E006BFB54 /* Release */ = {
			isa = XCBuildConfiguration;
			buildSettings = {
				ALWAYS_SEARCH_USER_PATHS = NO;
				ARCHS = "$(ARCHS_STANDARD_32_BIT)";
				CODE_SIGN_IDENTITY = "iPhone Developer: Wei Kong (8R7FCBKFP3)";
				"CODE_SIGN_IDENTITY[sdk=iphoneos*]" = "iPhone Developer: Wei Kong (8R7FCBKFP3)";
				COPY_PHASE_STRIP = YES;
				FRAMEWORK_SEARCH_PATHS = (
					"$(inherited)",
					"\"$(SRCROOT)\"",
					"\"$(SRCROOT)/../acs-ios-sdk\"",
					"\"$(SRCROOT)/../../src\"",
				);
				GCC_PRECOMPILE_PREFIX_HEADER = YES;
				GCC_PREFIX_HEADER = Demo_Prefix.pch;
				HEADER_SEARCH_PATHS = "";
				INFOPLIST_FILE = "Demo-Info.plist";
				OTHER_LDFLAGS = (
					"-ObjC",
					"-all_load",
					"-lsqlite3.0",
				);
				PRODUCT_NAME = Demo;
				PROVISIONING_PROFILE = "B3AD396C-C17C-448C-848D-FF93A0C645CA";
				"PROVISIONING_PROFILE[sdk=iphoneos*]" = "B3AD396C-C17C-448C-848D-FF93A0C645CA";
				VALIDATE_PRODUCT = YES;
				VALID_ARCHS = "armv7 armv7s";
			};
			name = Release;
		};
		C01FCF4F08A954540054247B /* Debug */ = {
			isa = XCBuildConfiguration;
			buildSettings = {
				ARCHS = "$(ARCHS_STANDARD_32_BIT)";
				CODE_SIGN_IDENTITY = "iPhone Developer: Wei Kong (8R7FCBKFP3)";
				"CODE_SIGN_IDENTITY[sdk=iphoneos*]" = "iPhone Developer: Wei Kong (8R7FCBKFP3)";
				GCC_C_LANGUAGE_STANDARD = c99;
				GCC_WARN_ABOUT_RETURN_TYPE = YES;
				GCC_WARN_UNUSED_VARIABLE = YES;
				HEADER_SEARCH_PATHS = "${PROJECT_DIR}/../../src/build/${BUILD_STYLE}-${PLATFORM_NAME}/usr/local/include/**";
				OBJROOT = build;
				OTHER_LDFLAGS = (
					"-ObjC",
					"-all_load",
				);
				PREBINDING = NO;
				PROVISIONING_PROFILE = "B3AD396C-C17C-448C-848D-FF93A0C645CA";
				"PROVISIONING_PROFILE[sdk=iphoneos*]" = "B3AD396C-C17C-448C-848D-FF93A0C645CA";
				SDKROOT = iphoneos;
				SYMROOT = build;
			};
			name = Debug;
		};
		C01FCF5008A954540054247B /* Release */ = {
			isa = XCBuildConfiguration;
			buildSettings = {
				ARCHS = "$(ARCHS_STANDARD_32_BIT)";
				CODE_SIGN_IDENTITY = "iPhone Developer: Wei Kong (8R7FCBKFP3)";
				"CODE_SIGN_IDENTITY[sdk=iphoneos*]" = "iPhone Developer: Wei Kong (8R7FCBKFP3)";
				GCC_C_LANGUAGE_STANDARD = c99;
				GCC_WARN_ABOUT_RETURN_TYPE = YES;
				GCC_WARN_UNUSED_VARIABLE = YES;
				HEADER_SEARCH_PATHS = "${PROJECT_DIR}/../acs-ios-sdk/build/${BUILD_STYLE}-${PLATFORM_NAME}/usr/local/include/**";
				OTHER_CFLAGS = "-DNS_BLOCK_ASSERTIONS=1";
				OTHER_LDFLAGS = (
					"-ObjC",
					"-all_load",
				);
				PREBINDING = NO;
				PROVISIONING_PROFILE = "B3AD396C-C17C-448C-848D-FF93A0C645CA";
				"PROVISIONING_PROFILE[sdk=iphoneos*]" = "B3AD396C-C17C-448C-848D-FF93A0C645CA";
				SDKROOT = iphoneos;
				SYMROOT = build;
			};
			name = Release;
		};
/* End XCBuildConfiguration section */

/* Begin XCConfigurationList section */
		1D6058960D05DD3E006BFB54 /* Build configuration list for PBXNativeTarget "Demo" */ = {
			isa = XCConfigurationList;
			buildConfigurations = (
				1D6058940D05DD3E006BFB54 /* Debug */,
				1D6058950D05DD3E006BFB54 /* Release */,
			);
			defaultConfigurationIsVisible = 0;
			defaultConfigurationName = Release;
		};
		C01FCF4E08A954540054247B /* Build configuration list for PBXProject "Demo" */ = {
			isa = XCConfigurationList;
			buildConfigurations = (
				C01FCF4F08A954540054247B /* Debug */,
				C01FCF5008A954540054247B /* Release */,
			);
			defaultConfigurationIsVisible = 0;
			defaultConfigurationName = Release;
		};
/* End XCConfigurationList section */
	};
	rootObject = 29B97313FDCFA39411CA2CEA /* Project object */;
}
